
Microsoft Visual Studio Solution File, Format Version 12.00
Project("{FAE04EC0-301F-11D3-BF4B-00C04F79EFBC}") = "Presentation", "Presentation\Presentation.csproj", "{C21B0D16-2AD2-490C-A377-814F9B77248D}"
EndProject
Project("{FAE04EC0-301F-11D3-BF4B-00C04F79EFBC}") = "Core", "Core\Core.csproj", "{A8CAD93D-0C55-41AF-B01A-1F4C2D7A2A69}"
EndProject
Project("{FAE04EC0-301F-11D3-BF4B-00C04F79EFBC}") = "Data", "Data\Data.csproj", "{77D08FB6-6C24-4743-B765-5CF1564D77CD}"
EndProject
Project("{FAE04EC0-301F-11D3-BF4B-00C04F79EFBC}") = "Services", "Services\Services.csproj", "{B90A0E2A-09A7-4578-8FDC-E5EAF4BFB332}"
EndProject
Global
	GlobalSection(SolutionConfigurationPlatforms) = preSolution
		Debug|Any CPU = Debug|Any CPU
		Release|Any CPU = Release|Any CPU
	EndGlobalSection
	GlobalSection(ProjectConfigurationPlatforms) = postSolution
		{C21B0D16-2AD2-490C-A377-814F9B77248D}.Debug|Any CPU.ActiveCfg = Debug|Any CPU
		{C21B0D16-2AD2-490C-A377-814F9B77248D}.Debug|Any CPU.Build.0 = Debug|Any CPU
		{C21B0D16-2AD2-490C-A377-814F9B77248D}.Release|Any CPU.ActiveCfg = Release|Any CPU
		{C21B0D16-2AD2-490C-A377-814F9B77248D}.Release|Any CPU.Build.0 = Release|Any CPU
		{A8CAD93D-0C55-41AF-B01A-1F4C2D7A2A69}.Debug|Any CPU.ActiveCfg = Debug|Any CPU
		{A8CAD93D-0C55-41AF-B01A-1F4C2D7A2A69}.Debug|Any CPU.Build.0 = Debug|Any CPU
		{A8CAD93D-0C55-41AF-B01A-1F4C2D7A2A69}.Release|Any CPU.ActiveCfg = Release|Any CPU
		{A8CAD93D-0C55-41AF-B01A-1F4C2D7A2A69}.Release|Any CPU.Build.0 = Release|Any CPU
		{77D08FB6-6C24-4743-B765-5CF1564D77CD}.Debug|Any CPU.ActiveCfg = Debug|Any CPU
		{77D08FB6-6C24-4743-B765-5CF1564D77CD}.Debug|Any CPU.Build.0 = Debug|Any CPU
		{77D08FB6-6C24-4743-B765-5CF1564D77CD}.Release|Any CPU.ActiveCfg = Release|Any CPU
		{77D08FB6-6C24-4743-B765-5CF1564D77CD}.Release|Any CPU.Build.0 = Release|Any CPU
		{B90A0E2A-09A7-4578-8FDC-E5EAF4BFB332}.Debug|Any CPU.ActiveCfg = Debug|Any CPU
		{B90A0E2A-09A7-4578-8FDC-E5EAF4BFB332}.Debug|Any CPU.Build.0 = Debug|Any CPU
		{B90A0E2A-09A7-4578-8FDC-E5EAF4BFB332}.Release|Any CPU.ActiveCfg = Release|Any CPU
		{B90A0E2A-09A7-4578-8FDC-E5EAF4BFB332}.Release|Any CPU.Build.0 = Release|Any CPU
	EndGlobalSection
EndGlobal
